
Microsoft Visual Studio Solution File, Format Version 12.00
# Visual Studio Version 16
VisualStudioVersion = 16.0.32106.194
MinimumVisualStudioVersion = 10.0.40219.1
Project("{FAE04EC0-301F-11D3-BF4B-00C04F79EFBC}") = "Assignment1", "Assignment1.csproj", "{168FD3FC-93F1-4234-B165-3CEA7F4032AE}"
EndProject
Global
	GlobalSection(SolutionConfigurationPlatforms) = preSolution
		Debug|Any CPU = Debug|Any CPU
		Release|Any CPU = Release|Any CPU
	EndGlobalSection
	GlobalSection(ProjectConfigurationPlatforms) = postSolution
		{168FD3FC-93F1-4234-B165-3CEA7F4032AE}.Debug|Any CPU.ActiveCfg = Debug|Any CPU
		{168FD3FC-93F1-4234-B165-3CEA7F4032AE}.Debug|Any CPU.Build.0 = Debug|Any CPU
		{168FD3FC-93F1-4234-B165-3CEA7F4032AE}.Release|Any CPU.ActiveCfg = Release|Any CPU
		{168FD3FC-93F1-4234-B165-3CEA7F4032AE}.Release|Any CPU.Build.0 = Release|Any CPU
	EndGlobalSection
	GlobalSection(SolutionProperties) = preSolution
		HideSolutionNode = FALSE
	EndGlobalSection
	GlobalSection(ExtensibilityGlobals) = postSolution
		SolutionGuid = {0D5121CA-5664-4E4A-A926-A0DB87BE0FFF}
	EndGlobalSection
EndGlobal
